
Microsoft Visual Studio Solution File, Format Version 12.00
# Visual Studio Version 16
VisualStudioVersion = 16.0.29926.136
MinimumVisualStudioVersion = 10.0.40219.1
Project("{FAE04EC0-301F-11D3-BF4B-00C04F79EFBC}") = "ConsoleApp4", "ConsoleApp4\ConsoleApp4.csproj", "{933DD4C8-DF4F-4A26-BEC5-C77071E590F0}"
EndProject
Project("{FAE04EC0-301F-11D3-BF4B-00C04F79EFBC}") = "ClassLibrary1", "ClassLibrary1\ClassLibrary1.csproj", "{E9BFC943-1707-42BD-BF30-BBB25744DA02}"
EndProject
Global
	GlobalSection(SolutionConfigurationPlatforms) = preSolution
		Debug|Any CPU = Debug|Any CPU
		Release|Any CPU = Release|Any CPU
	EndGlobalSection
	GlobalSection(ProjectConfigurationPlatforms) = postSolution
		{933DD4C8-DF4F-4A26-BEC5-C77071E590F0}.Debug|Any CPU.ActiveCfg = Debug|Any CPU
		{933DD4C8-DF4F-4A26-BEC5-C77071E590F0}.Debug|Any CPU.Build.0 = Debug|Any CPU
		{933DD4C8-DF4F-4A26-BEC5-C77071E590F0}.Release|Any CPU.ActiveCfg = Release|Any CPU
		{933DD4C8-DF4F-4A26-BEC5-C77071E590F0}.Release|Any CPU.Build.0 = Release|Any CPU
		{E9BFC943-1707-42BD-BF30-BBB25744DA02}.Debug|Any CPU.ActiveCfg = Debug|Any CPU
		{E9BFC943-1707-42BD-BF30-BBB25744DA02}.Debug|Any CPU.Build.0 = Debug|Any CPU
		{E9BFC943-1707-42BD-BF30-BBB25744DA02}.Release|Any CPU.ActiveCfg = Release|Any CPU
		{E9BFC943-1707-42BD-BF30-BBB25744DA02}.Release|Any CPU.Build.0 = Release|Any CPU
	EndGlobalSection
	GlobalSection(SolutionProperties) = preSolution
		HideSolutionNode = FALSE
	EndGlobalSection
	GlobalSection(ExtensibilityGlobals) = postSolution
		SolutionGuid = {EA01A092-B7F6-4A40-B0B0-5C5FC289FE1A}
	EndGlobalSection
EndGlobal
